{
    "name": "decimator",
    "lockfileVersion": 3,
    "requires": true,
    "packages": {
        "": {
            "name": "decimator",
            "dependencies": {
                "decimator": "file:"
            },
            "engines": {
                "pnpm": ">=9"
            }
        },
        "node_modules/.pnpm/@eslint-community+eslint-utils@4.4.0_eslint@9.16.0/node_modules/@eslint-community/eslint-utils": {
            "version": "4.4.0",
            "extraneous": true,
            "license": "MIT",
            "dependencies": {
                "eslint-visitor-keys": "^3.3.0"
            },
            "devDependencies": {
                "@eslint-community/eslint-plugin-mysticatea": "^15.2.0",
                "c8": "^7.12.0",
                "dot-prop": "^6.0.1",
                "eslint": "^8.28.0",
                "mocha": "^9.2.2",
                "npm-run-all": "^4.1.5",
                "opener": "^1.5.2",
                "prettier": "2.8.4",
                "rimraf": "^3.0.2",
                "rollup": "^2.79.1",
                "rollup-plugin-sourcemaps": "^0.6.3",
                "semver": "^7.3.8",
                "vitepress": "^1.0.0-alpha.40",
                "warun": "^1.0.0"
            },
            "engines": {
                "node": "^12.22.0 || ^14.17.0 || >=16.0.0"
            },
            "peerDependencies": {
                "eslint": "^6.0.0 || ^7.0.0 || >=8.0.0"
            }
        },
        "node_modules/.pnpm/@eslint-community+regexpp@4.12.1/node_modules/@eslint-community/regexpp": {
            "version": "4.12.1",
            "extraneous": true,
            "license": "MIT",
            "devDependencies": {
                "@eslint-community/eslint-plugin-mysticatea": "^15.5.1",
                "@rollup/plugin-node-resolve": "^14.1.0",
                "@types/eslint": "^8.44.3",
                "@types/jsdom": "^16.2.15",
                "@types/mocha": "^9.1.1",
                "@types/node": "^12.20.55",
                "dts-bundle": "^0.7.3",
                "eslint": "^8.50.0",
                "js-tokens": "^8.0.2",
                "jsdom": "^19.0.0",
                "mocha": "^9.2.2",
                "npm-run-all2": "^6.2.2",
                "nyc": "^14.1.1",
                "rimraf": "^3.0.2",
                "rollup": "^2.79.1",
                "rollup-plugin-sourcemaps": "^0.6.3",
                "ts-node": "^10.9.1",
                "typescript": "~5.0.2"
            },
            "engines": {
                "node": "^12.0.0 || ^14.0.0 || >=16.0.0"
            }
        },
        "node_modules/.pnpm/@eslint+config-array@0.19.1/node_modules/@eslint/config-array": {
            "version": "0.19.1",
            "extraneous": true,
            "license": "Apache-2.0",
            "dependencies": {
                "@eslint/object-schema": "^2.1.5",
                "debug": "^4.3.1",
                "minimatch": "^3.1.2"
            },
            "devDependencies": {
                "@jsr/std__path": "^1.0.4",
                "@types/minimatch": "^3.0.5",
                "c8": "^9.1.0",
                "mocha": "^10.4.0",
                "rollup": "^4.16.2",
                "rollup-plugin-copy": "^3.5.0",
                "typescript": "^5.4.5"
            },
            "engines": {
                "node": "^18.18.0 || ^20.9.0 || >=21.1.0"
            }
        },
        "node_modules/.pnpm/@eslint+eslintrc@3.2.0/node_modules/@eslint/eslintrc": {
            "version": "3.2.0",
            "extraneous": true,
            "license": "MIT",
            "dependencies": {
                "ajv": "^6.12.4",
                "debug": "^4.3.2",
                "espree": "^10.0.1",
                "globals": "^14.0.0",
                "ignore": "^5.2.0",
                "import-fresh": "^3.2.1",
                "js-yaml": "^4.1.0",
                "minimatch": "^3.1.2",
                "strip-json-comments": "^3.1.1"
            },
            "devDependencies": {
                "c8": "^7.7.3",
                "chai": "^4.3.4",
                "eslint": "^7.31.0",
                "eslint-config-eslint": "^7.0.0",
                "eslint-plugin-jsdoc": "^35.4.1",
                "eslint-plugin-node": "^11.1.0",
                "eslint-release": "^3.2.0",
                "fs-teardown": "^0.1.3",
                "mocha": "^9.0.3",
                "rollup": "^2.70.1",
                "shelljs": "^0.8.5",
                "sinon": "^11.1.2",
                "temp-dir": "^2.0.0"
            },
            "engines": {
                "node": "^18.18.0 || ^20.9.0 || >=21.1.0"
            },
            "funding": {
                "url": "https://opencollective.com/eslint"
            }
        },
        "node_modules/.pnpm/@eslint+js@9.8.0/node_modules/@eslint/js": {
            "version": "9.8.0",
            "extraneous": true,
            "license": "MIT",
            "engines": {
                "node": "^18.18.0 || ^20.9.0 || >=21.1.0"
            }
        },
        "node_modules/.pnpm/@eslint+object-schema@2.1.5/node_modules/@eslint/object-schema": {
            "version": "2.1.5",
            "extraneous": true,
            "license": "Apache-2.0",
            "devDependencies": {
                "c8": "^9.1.0",
                "mocha": "^10.4.0",
                "rollup": "^4.16.2",
                "rollup-plugin-copy": "^3.5.0",
                "typescript": "^5.4.5"
            },
            "engines": {
                "node": "^18.18.0 || ^20.9.0 || >=21.1.0"
            }
        },
        "node_modules/.pnpm/@eslint+plugin-kit@0.2.4/node_modules/@eslint/plugin-kit": {
            "version": "0.2.4",
            "extraneous": true,
            "license": "Apache-2.0",
            "dependencies": {
                "levn": "^0.4.1"
            },
            "devDependencies": {
                "@eslint/core": "^0.9.1",
                "@types/levn": "^0.4.0",
                "c8": "^9.1.0",
                "mocha": "^10.4.0",
                "rollup": "^4.16.2",
                "rollup-plugin-copy": "^3.5.0",
                "typescript": "^5.4.5"
            },
            "engines": {
                "node": "^18.18.0 || ^20.9.0 || >=21.1.0"
            }
        },
        "node_modules/.pnpm/@types+eslint__js@8.42.3/node_modules/@types/eslint__js": {
            "version": "8.42.3",
            "extraneous": true,
            "license": "MIT",
            "dependencies": {
                "@types/eslint": "*"
            }
        },
        "node_modules/.pnpm/@typescript-eslint+scope-manager@8.18.0/node_modules/@typescript-eslint/scope-manager": {
            "version": "8.18.0",
            "extraneous": true,
            "license": "MIT",
            "dependencies": {
                "@typescript-eslint/types": "8.18.0",
                "@typescript-eslint/visitor-keys": "8.18.0"
            },
            "devDependencies": {
                "@jest/types": "29.6.3",
                "@types/glob": "*",
                "@typescript-eslint/typescript-estree": "8.18.0",
                "glob": "*",
                "jest-specific-snapshot": "*",
                "make-dir": "*",
                "prettier": "^3.2.5",
                "pretty-format": "*",
                "typescript": "*"
            },
            "engines": {
                "node": "^18.18.0 || ^20.9.0 || >=21.1.0"
            },
            "funding": {
                "type": "opencollective",
                "url": "https://opencollective.com/typescript-eslint"
            }
        },
        "node_modules/.pnpm/@typescript-eslint+type-utils@8.18.0_eslint@9.16.0_typescript@5.5.4/node_modules/@typescript-eslint/type-utils": {
            "version": "8.18.0",
            "extraneous": true,
            "license": "MIT",
            "dependencies": {
                "@typescript-eslint/typescript-estree": "8.18.0",
                "@typescript-eslint/utils": "8.18.0",
                "debug": "^4.3.4",
                "ts-api-utils": "^1.3.0"
            },
            "devDependencies": {
                "@jest/types": "29.6.3",
                "@typescript-eslint/parser": "8.18.0",
                "ajv": "^6.12.6",
                "downlevel-dts": "*",
                "jest": "29.7.0",
                "prettier": "^3.2.5",
                "rimraf": "*",
                "typescript": "*"
            },
            "engines": {
                "node": "^18.18.0 || ^20.9.0 || >=21.1.0"
            },
            "funding": {
                "type": "opencollective",
                "url": "https://opencollective.com/typescript-eslint"
            },
            "peerDependencies": {
                "eslint": "^8.57.0 || ^9.0.0",
                "typescript": ">=4.8.4 <5.8.0"
            }
        },
        "node_modules/.pnpm/@typescript-eslint+types@8.18.0/node_modules/@typescript-eslint/types": {
            "version": "8.18.0",
            "extraneous": true,
            "license": "MIT",
            "devDependencies": {
                "@jest/types": "29.6.3",
                "downlevel-dts": "*",
                "prettier": "^3.2.5",
                "rimraf": "*",
                "tsx": "*",
                "typescript": "*"
            },
            "engines": {
                "node": "^18.18.0 || ^20.9.0 || >=21.1.0"
            },
            "funding": {
                "type": "opencollective",
                "url": "https://opencollective.com/typescript-eslint"
            }
        },
        "node_modules/.pnpm/@typescript-eslint+visitor-keys@8.18.0/node_modules/@typescript-eslint/visitor-keys": {
            "version": "8.18.0",
            "extraneous": true,
            "license": "MIT",
            "dependencies": {
                "@typescript-eslint/types": "8.18.0",
                "eslint-visitor-keys": "^4.2.0"
            },
            "devDependencies": {
                "@jest/types": "29.6.3",
                "@types/eslint-visitor-keys": "*",
                "downlevel-dts": "*",
                "jest": "29.7.0",
                "prettier": "^3.2.5",
                "rimraf": "*",
                "typescript": "*"
            },
            "engines": {
                "node": "^18.18.0 || ^20.9.0 || >=21.1.0"
            },
            "funding": {
                "type": "opencollective",
                "url": "https://opencollective.com/typescript-eslint"
            }
        },
        "node_modules/.pnpm/eslint-scope@8.2.0": {
            "extraneous": true
        },
        "node_modules/.pnpm/eslint-visitor-keys@4.2.0/node_modules/eslint-visitor-keys": {
            "version": "4.2.0",
            "extraneous": true,
            "license": "Apache-2.0",
            "devDependencies": {
                "@types/estree": "^0.0.51",
                "@types/estree-jsx": "^0.0.1",
                "@typescript-eslint/parser": "^8.7.0",
                "c8": "^7.11.0",
                "chai": "^4.3.6",
                "eslint-release": "^3.2.0",
                "esquery": "^1.4.0",
                "json-diff": "^0.7.3",
                "mocha": "^9.2.1",
                "opener": "^1.5.2",
                "rollup": "^4.22.4",
                "rollup-plugin-dts": "^6.1.1",
                "tsd": "^0.31.2",
                "typescript": "^5.6.2"
            },
            "engines": {
                "node": "^18.18.0 || ^20.9.0 || >=21.1.0"
            },
            "funding": {
                "url": "https://opencollective.com/eslint"
            }
        },
        "node_modules/.pnpm/esrecurse@4.3.0/node_modules/esrecurse": {
            "version": "4.3.0",
            "extraneous": true,
            "license": "BSD-2-Clause",
            "dependencies": {
                "estraverse": "^5.2.0"
            },
            "devDependencies": {
                "babel-cli": "^6.24.1",
                "babel-eslint": "^7.2.3",
                "babel-preset-es2015": "^6.24.1",
                "babel-register": "^6.24.1",
                "chai": "^4.0.2",
                "esprima": "^4.0.0",
                "gulp": "^3.9.0",
                "gulp-bump": "^2.7.0",
                "gulp-eslint": "^4.0.0",
                "gulp-filter": "^5.0.0",
                "gulp-git": "^2.4.1",
                "gulp-mocha": "^4.3.1",
                "gulp-tag-version": "^1.2.1",
                "jsdoc": "^3.3.0-alpha10",
                "minimist": "^1.1.0"
            },
            "engines": {
                "node": ">=4.0"
            }
        },
        "node_modules/.pnpm/estraverse@5.3.0/node_modules/estraverse": {
            "version": "5.3.0",
            "extraneous": true,
            "license": "BSD-2-Clause",
            "devDependencies": {
                "babel-preset-env": "^1.6.1",
                "babel-register": "^6.3.13",
                "chai": "^2.1.1",
                "espree": "^1.11.0",
                "gulp": "^3.8.10",
                "gulp-bump": "^0.2.2",
                "gulp-filter": "^2.0.0",
                "gulp-git": "^1.0.1",
                "gulp-tag-version": "^1.3.0",
                "jshint": "^2.5.6",
                "mocha": "^2.1.0"
            },
            "engines": {
                "node": ">=4.0"
            }
        },
        "node_modules/.pnpm/prettier@3.3.3/node_modules/prettier": {
            "version": "3.3.3",
            "extraneous": true,
            "license": "MIT",
            "bin": {
                "prettier": "bin/prettier.cjs"
            },
            "engines": {
                "node": ">=14"
            },
            "funding": {
                "url": "https://github.com/prettier/prettier?sponsor=1"
            }
        },
        "node_modules/decimator": {
            "resolved": "",
            "link": true
        }
    }
}
