{
    "name": "@imput/version-info",
    "version": "1.0.0",
    "lockfileVersion": 3,
    "requires": true,
    "packages": {
        "": {
            "name": "@imput/version-info",
            "version": "1.0.0",
            "license": "AGPL-3.0",
            "dependencies": {
                "@imput/version-info": "file:"
            }
        },
        "node_modules/@imput/version-info": {
            "resolved": "",
            "link": true
        }
    }
}
